{
  "name": "src",
  "version": "1.0.0",
  "lockfileVersion": 1,
  "requires": true,
  "dependencies": {
    "bxslider": {
      "version": "4.2.13",
      "resolved": "https://registry.npmjs.org/bxslider/-/bxslider-4.2.13.tgz",
      "integrity": "sha512-T0xMeVQ42R/Nmd/RApabMtrnOyLS2Ey23n5EA8N6HTrGHuycVUdMasDa5iLmFsolS4PGMxInphV873jhcBHZng=="
    },
    "jquery": {
      "version": "3.3.1",
      "resolved": "https://registry.npmjs.org/jquery/-/jquery-3.3.1.tgz",
      "integrity": "sha512-Ubldcmxp5np52/ENotGxlLe6aGMvmF4R8S6tZjsP6Knsaxd/xp3Zrh50cG93lR6nPXyUFwzN3ZSOQI0wRJNdGg=="
    },
    "jquery.scrollex": {
      "version": "0.2.1",
      "resolved": "https://registry.npmjs.org/jquery.scrollex/-/jquery.scrollex-0.2.1.tgz",
      "integrity": "sha1-wDzgLee/UUiQqFkNn/VfCE3Vk20=",
      "requires": {
        "jquery": "3.3.1"
      }
    },
    "jquery.scrolly": {
      "version": "0.0.1",
      "resolved": "https://registry.npmjs.org/jquery.scrolly/-/jquery.scrolly-0.0.1.tgz",
      "integrity": "sha1-COB3hnQxcpn73tGfElBsBJ90Tlc="
    },
    "skel-framework-npm": {
      "version": "1.0.1",
      "resolved": "https://registry.npmjs.org/skel-framework-npm/-/skel-framework-npm-1.0.1.tgz",
      "integrity": "sha1-C8ymdhh0AV+ChRu6+Te0fUm2N3c="
    },
    "vue": {
      "version": "2.5.16",
      "resolved": "https://registry.npmjs.org/vue/-/vue-2.5.16.tgz",
      "integrity": "sha512-/ffmsiVuPC8PsWcFkZngdpas19ABm5mh2wA7iDqcltyCTwlgZjHGeJYOXkBMo422iPwIcviOtrTCUpSfXmToLQ=="
    }
  }
}
